// !$*UTF8*$!
{
	archiveVersion = 1;
	classes = {
	};
	objectVersion = 46;
	objects = {

/* Begin PBXBuildFile section */
		66B9C9F21D4FB82900BCB39E /* AppDelegate.swift in Sources */ = {isa = PBXBuildFile; fileRef = 66B9C9F11D4FB82900BCB39E /* AppDelegate.swift */; };
		66B9C9F41D4FB82900BCB39E /* ViewController.swift in Sources */ = {isa = PBXBuildFile; fileRef = 66B9C9F31D4FB82900BCB39E /* ViewController.swift */; };
		66B9C9F71D4FB82900BCB39E /* Main.storyboard in Resources */ = {isa = PBXBuildFile; fileRef = 66B9C9F51D4FB82900BCB39E /* Main.storyboard */; };
		66B9C9F91D4FB82900BCB39E /* Assets.xcassets in Resources */ = {isa = PBXBuildFile; fileRef = 66B9C9F81D4FB82900BCB39E /* Assets.xcassets */; };
		66B9C9FC1D4FB82900BCB39E /* LaunchScreen.storyboard in Resources */ = {isa = PBXBuildFile; fileRef = 66B9C9FA1D4FB82900BCB39E /* LaunchScreen.storyboard */; };
		66B9CA071D4FB82900BCB39E /* pruebaGitTests.swift in Sources */ = {isa = PBXBuildFile; fileRef = 66B9CA061D4FB82900BCB39E /* pruebaGitTests.swift */; };
		66B9CA121D4FB82900BCB39E /* pruebaGitUITests.swift in Sources */ = {isa = PBXBuildFile; fileRef = 66B9CA111D4FB82900BCB39E /* pruebaGitUITests.swift */; };
/* End PBXBuildFile section */

/* Begin PBXContainerItemProxy section */
		66B9CA031D4FB82900BCB39E /* PBXContainerItemProxy */ = {
			isa = PBXContainerItemProxy;
			containerPortal = 66B9C9E61D4FB82900BCB39E /* Project object */;
			proxyType = 1;
			remoteGlobalIDString = 66B9C9ED1D4FB82900BCB39E;
			remoteInfo = pruebaGit;
		};
		66B9CA0E1D4FB82900BCB39E /* PBXContainerItemProxy */ = {
			isa = PBXContainerItemProxy;
			containerPortal = 66B9C9E61D4FB82900BCB39E /* Project object */;
			proxyType = 1;
			remoteGlobalIDString = 66B9C9ED1D4FB82900BCB39E;
			remoteInfo = pruebaGit;
		};
/* End PBXContainerItemProxy section */

/* Begin PBXFileReference section */
		66B9C9EE1D4FB82900BCB39E /* pruebaGit.app */ = {isa = PBXFileReference; explicitFileType = wrapper.application; includeInIndex = 0; path = pruebaGit.app; sourceTree = BUILT_PRODUCTS_DIR; };
		66B9C9F11D4FB82900BCB39E /* AppDelegate.swift */ = {isa = PBXFileReference; lastKnownFileType = sourcecode.swift; path = AppDelegate.swift; sourceTree = "<group>"; };
		66B9C9F31D4FB82900BCB39E /* ViewController.swift */ = {isa = PBXFileReference; lastKnownFileType = sourcecode.swift; path = ViewController.swift; sourceTree = "<group>"; };
		66B9C9F61D4FB82900BCB39E /* Base */ = {isa = PBXFileReference; lastKnownFileType = file.storyboard; name = Base; path = Base.lproj/Main.storyboard; sourceTree = "<group>"; };
		66B9C9F81D4FB82900BCB39E /* Assets.xcassets */ = {isa = PBXFileReference; lastKnownFileType = folder.assetcatalog; path = Assets.xcassets; sourceTree = "<group>"; };
		66B9C9FB1D4FB82900BCB39E /* Base */ = {isa = PBXFileReference; lastKnownFileType = file.storyboard; name = Base; path = Base.lproj/LaunchScreen.storyboard; sourceTree = "<group>"; };
		66B9C9FD1D4FB82900BCB39E /* Info.plist */ = {isa = PBXFileReference; lastKnownFileType = text.plist.xml; path = Info.plist; sourceTree = "<group>"; };
		66B9CA021D4FB82900BCB39E /* pruebaGitTests.xctest */ = {isa = PBXFileReference; explicitFileType = wrapper.cfbundle; includeInIndex = 0; path = pruebaGitTests.xctest; sourceTree = BUILT_PRODUCTS_DIR; };
		66B9CA061D4FB82900BCB39E /* pruebaGitTests.swift */ = {isa = PBXFileReference; lastKnownFileType = sourcecode.swift; path = pruebaGitTests.swift; sourceTree = "<group>"; };
		66B9CA081D4FB82900BCB39E /* Info.plist */ = {isa = PBXFileReference; lastKnownFileType = text.plist.xml; path = Info.plist; sourceTree = "<group>"; };
		66B9CA0D1D4FB82900BCB39E /* pruebaGitUITests.xctest */ = {isa = PBXFileReference; explicitFileType = wrapper.cfbundle; includeInIndex = 0; path = pruebaGitUITests.xctest; sourceTree = BUILT_PRODUCTS_DIR; };
		66B9CA111D4FB82900BCB39E /* pruebaGitUITests.swift */ = {isa = PBXFileReference; lastKnownFileType = sourcecode.swift; path = pruebaGitUITests.swift; sourceTree = "<group>"; };
		66B9CA131D4FB82900BCB39E /* Info.plist */ = {isa = PBXFileReference; lastKnownFileType = text.plist.xml; path = Info.plist; sourceTree = "<group>"; };
/* End PBXFileReference section */

/* Begin PBXFrameworksBuildPhase section */
		66B9C9EB1D4FB82900BCB39E /* Frameworks */ = {
			isa = PBXFrameworksBuildPhase;
			buildActionMask = 2147483647;
			files = (
			);
			runOnlyForDeploymentPostprocessing = 0;
		};
		66B9C9FF1D4FB82900BCB39E /* Frameworks */ = {
			isa = PBXFrameworksBuildPhase;
			buildActionMask = 2147483647;
			files = (
			);
			runOnlyForDeploymentPostprocessing = 0;
		};
		66B9CA0A1D4FB82900BCB39E /* Frameworks */ = {
			isa = PBXFrameworksBuildPhase;
			buildActionMask = 2147483647;
			files = (
			);
			runOnlyForDeploymentPostprocessing = 0;
		};
/* End PBXFrameworksBuildPhase section */

/* Begin PBXGroup section */
		66B9C9E51D4FB82900BCB39E = {
			isa = PBXGroup;
			children = (
				66B9C9F01D4FB82900BCB39E /* pruebaGit */,
				66B9CA051D4FB82900BCB39E /* pruebaGitTests */,
				66B9CA101D4FB82900BCB39E /* pruebaGitUITests */,
				66B9C9EF1D4FB82900BCB39E /* Products */,
			);
			sourceTree = "<group>";
		};
		66B9C9EF1D4FB82900BCB39E /* Products */ = {
			isa = PBXGroup;
			children = (
				66B9C9EE1D4FB82900BCB39E /* pruebaGit.app */,
				66B9CA021D4FB82900BCB39E /* pruebaGitTests.xctest */,
				66B9CA0D1D4FB82900BCB39E /* pruebaGitUITests.xctest */,
			);
			name = Products;
			sourceTree = "<group>";
		};
		66B9C9F01D4FB82900BCB39E /* pruebaGit */ = {
			isa = PBXGroup;
			children = (
				66B9C9F11D4FB82900BCB39E /* AppDelegate.swift */,
				66B9C9F31D4FB82900BCB39E /* ViewController.swift */,
				66B9C9F51D4FB82900BCB39E /* Main.storyboard */,
				66B9C9F81D4FB82900BCB39E /* Assets.xcassets */,
				66B9C9FA1D4FB82900BCB39E /* LaunchScreen.storyboard */,
				66B9C9FD1D4FB82900BCB39E /* Info.plist */,
			);
			path = pruebaGit;
			sourceTree = "<group>";
		};
		66B9CA051D4FB82900BCB39E /* pruebaGitTests */ = {
			isa = PBXGroup;
			children = (
				66B9CA061D4FB82900BCB39E /* pruebaGitTests.swift */,
				66B9CA081D4FB82900BCB39E /* Info.plist */,
			);
			path = pruebaGitTests;
			sourceTree = "<group>";
		};
		66B9CA101D4FB82900BCB39E /* pruebaGitUITests */ = {
			isa = PBXGroup;
			children = (
				66B9CA111D4FB82900BCB39E /* pruebaGitUITests.swift */,
				66B9CA131D4FB82900BCB39E /* Info.plist */,
			);
			path = pruebaGitUITests;
			sourceTree = "<group>";
		};
/* End PBXGroup section */

/* Begin PBXNativeTarget section */
		66B9C9ED1D4FB82900BCB39E /* pruebaGit */ = {
			isa = PBXNativeTarget;
			buildConfigurationList = 66B9CA161D4FB82900BCB39E /* Build configuration list for PBXNativeTarget "pruebaGit" */;
			buildPhases = (
				66B9C9EA1D4FB82900BCB39E /* Sources */,
				66B9C9EB1D4FB82900BCB39E /* Frameworks */,
				66B9C9EC1D4FB82900BCB39E /* Resources */,
			);
			buildRules = (
			);
			dependencies = (
			);
			name = pruebaGit;
			productName = pruebaGit;
			productReference = 66B9C9EE1D4FB82900BCB39E /* pruebaGit.app */;
			productType = "com.apple.product-type.application";
		};
		66B9CA011D4FB82900BCB39E /* pruebaGitTests */ = {
			isa = PBXNativeTarget;
			buildConfigurationList = 66B9CA191D4FB82900BCB39E /* Build configuration list for PBXNativeTarget "pruebaGitTests" */;
			buildPhases = (
				66B9C9FE1D4FB82900BCB39E /* Sources */,
				66B9C9FF1D4FB82900BCB39E /* Frameworks */,
				66B9CA001D4FB82900BCB39E /* Resources */,
			);
			buildRules = (
			);
			dependencies = (
				66B9CA041D4FB82900BCB39E /* PBXTargetDependency */,
			);
			name = pruebaGitTests;
			productName = pruebaGitTests;
			productReference = 66B9CA021D4FB82900BCB39E /* pruebaGitTests.xctest */;
			productType = "com.apple.product-type.bundle.unit-test";
		};
		66B9CA0C1D4FB82900BCB39E /* pruebaGitUITests */ = {
			isa = PBXNativeTarget;
			buildConfigurationList = 66B9CA1C1D4FB82900BCB39E /* Build configuration list for PBXNativeTarget "pruebaGitUITests" */;
			buildPhases = (
				66B9CA091D4FB82900BCB39E /* Sources */,
				66B9CA0A1D4FB82900BCB39E /* Frameworks */,
				66B9CA0B1D4FB82900BCB39E /* Resources */,
			);
			buildRules = (
			);
			dependencies = (
				66B9CA0F1D4FB82900BCB39E /* PBXTargetDependency */,
			);
			name = pruebaGitUITests;
			productName = pruebaGitUITests;
			productReference = 66B9CA0D1D4FB82900BCB39E /* pruebaGitUITests.xctest */;
			productType = "com.apple.product-type.bundle.ui-testing";
		};
/* End PBXNativeTarget section */

/* Begin PBXProject section */
		66B9C9E61D4FB82900BCB39E /* Project object */ = {
			isa = PBXProject;
			attributes = {
				LastSwiftUpdateCheck = 0730;
				LastUpgradeCheck = 0730;
				ORGANIZATIONNAME = "Ivan Fernandez";
				TargetAttributes = {
					66B9C9ED1D4FB82900BCB39E = {
						CreatedOnToolsVersion = 7.3.1;
					};
					66B9CA011D4FB82900BCB39E = {
						CreatedOnToolsVersion = 7.3.1;
						TestTargetID = 66B9C9ED1D4FB82900BCB39E;
					};
					66B9CA0C1D4FB82900BCB39E = {
						CreatedOnToolsVersion = 7.3.1;
						TestTargetID = 66B9C9ED1D4FB82900BCB39E;
					};
				};
			};
			buildConfigurationList = 66B9C9E91D4FB82900BCB39E /* Build configuration list for PBXProject "pruebaGit" */;
			compatibilityVersion = "Xcode 3.2";
			developmentRegion = English;
			hasScannedForEncodings = 0;
			knownRegions = (
				en,
				Base,
			);
			mainGroup = 66B9C9E51D4FB82900BCB39E;
			productRefGroup = 66B9C9EF1D4FB82900BCB39E /* Products */;
			projectDirPath = "";
			projectRoot = "";
			targets = (
				66B9C9ED1D4FB82900BCB39E /* pruebaGit */,
				66B9CA011D4FB82900BCB39E /* pruebaGitTests */,
				66B9CA0C1D4FB82900BCB39E /* pruebaGitUITests */,
			);
		};
/* End PBXProject section */

/* Begin PBXResourcesBuildPhase section */
		66B9C9EC1D4FB82900BCB39E /* Resources */ = {
			isa = PBXResourcesBuildPhase;
			buildActionMask = 2147483647;
			files = (
				66B9C9FC1D4FB82900BCB39E /* LaunchScreen.storyboard in Resources */,
				66B9C9F91D4FB82900BCB39E /* Assets.xcassets in Resources */,
				66B9C9F71D4FB82900BCB39E /* Main.storyboard in Resources */,
			);
			runOnlyForDeploymentPostprocessing = 0;
		};
		66B9CA001D4FB82900BCB39E /* Resources */ = {
			isa = PBXResourcesBuildPhase;
			buildActionMask = 2147483647;
			files = (
			);
			runOnlyForDeploymentPostprocessing = 0;
		};
		66B9CA0B1D4FB82900BCB39E /* Resources */ = {
			isa = PBXResourcesBuildPhase;
			buildActionMask = 2147483647;
			files = (
			);
			runOnlyForDeploymentPostprocessing = 0;
		};
/* End PBXResourcesBuildPhase section */

/* Begin PBXSourcesBuildPhase section */
		66B9C9EA1D4FB82900BCB39E /* Sources */ = {
			isa = PBXSourcesBuildPhase;
			buildActionMask = 2147483647;
			files = (
				66B9C9F41D4FB82900BCB39E /* ViewController.swift in Sources */,
				66B9C9F21D4FB82900BCB39E /* AppDelegate.swift in Sources */,
			);
			runOnlyForDeploymentPostprocessing = 0;
		};
		66B9C9FE1D4FB82900BCB39E /* Sources */ = {
			isa = PBXSourcesBuildPhase;
			buildActionMask = 2147483647;
			files = (
				66B9CA071D4FB82900BCB39E /* pruebaGitTests.swift in Sources */,
			);
			runOnlyForDeploymentPostprocessing = 0;
		};
		66B9CA091D4FB82900BCB39E /* Sources */ = {
			isa = PBXSourcesBuildPhase;
			buildActionMask = 2147483647;
			files = (
				66B9CA121D4FB82900BCB39E /* pruebaGitUITests.swift in Sources */,
			);
			runOnlyForDeploymentPostprocessing = 0;
		};
/* End PBXSourcesBuildPhase section */

/* Begin PBXTargetDependency section */
		66B9CA041D4FB82900BCB39E /* PBXTargetDependency */ = {
			isa = PBXTargetDependency;
			target = 66B9C9ED1D4FB82900BCB39E /* pruebaGit */;
			targetProxy = 66B9CA031D4FB82900BCB39E /* PBXContainerItemProxy */;
		};
		66B9CA0F1D4FB82900BCB39E /* PBXTargetDependency */ = {
			isa = PBXTargetDependency;
			target = 66B9C9ED1D4FB82900BCB39E /* pruebaGit */;
			targetProxy = 66B9CA0E1D4FB82900BCB39E /* PBXContainerItemProxy */;
		};
/* End PBXTargetDependency section */

/* Begin PBXVariantGroup section */
		66B9C9F51D4FB82900BCB39E /* Main.storyboard */ = {
			isa = PBXVariantGroup;
			children = (
				66B9C9F61D4FB82900BCB39E /* Base */,
			);
			name = Main.storyboard;
			sourceTree = "<group>";
		};
		66B9C9FA1D4FB82900BCB39E /* LaunchScreen.storyboard */ = {
			isa = PBXVariantGroup;
			children = (
				66B9C9FB1D4FB82900BCB39E /* Base */,
			);
			name = LaunchScreen.storyboard;
			sourceTree = "<group>";
		};
/* End PBXVariantGroup section */

/* Begin XCBuildConfiguration section */
		66B9CA141D4FB82900BCB39E /* Debug */ = {
			isa = XCBuildConfiguration;
			buildSettings = {
				ALWAYS_SEARCH_USER_PATHS = NO;
				CLANG_ANALYZER_NONNULL = YES;
				CLANG_CXX_LANGUAGE_STANDARD = "gnu++0x";
				CLANG_CXX_LIBRARY = "libc++";
				CLANG_ENABLE_MODULES = YES;
				CLANG_ENABLE_OBJC_ARC = YES;
				CLANG_WARN_BOOL_CONVERSION = YES;
				CLANG_WARN_CONSTANT_CONVERSION = YES;
				CLANG_WARN_DIRECT_OBJC_ISA_USAGE = YES_ERROR;
				CLANG_WARN_EMPTY_BODY = YES;
				CLANG_WARN_ENUM_CONVERSION = YES;
				CLANG_WARN_INT_CONVERSION = YES;
				CLANG_WARN_OBJC_ROOT_CLASS = YES_ERROR;
				CLANG_WARN_UNREACHABLE_CODE = YES;
				CLANG_WARN__DUPLICATE_METHOD_MATCH = YES;
				"CODE_SIGN_IDENTITY[sdk=iphoneos*]" = "iPhone Developer";
				COPY_PHASE_STRIP = NO;
				DEBUG_INFORMATION_FORMAT = dwarf;
				ENABLE_STRICT_OBJC_MSGSEND = YES;
				ENABLE_TESTABILITY = YES;
				GCC_C_LANGUAGE_STANDARD = gnu99;
				GCC_DYNAMIC_NO_PIC = NO;
				GCC_NO_COMMON_BLOCKS = YES;
				GCC_OPTIMIZATION_LEVEL = 0;
				GCC_PREPROCESSOR_DEFINITIONS = (
					"DEBUG=1",
					"$(inherited)",
				);
				GCC_WARN_64_TO_32_BIT_CONVERSION = YES;
				GCC_WARN_ABOUT_RETURN_TYPE = YES_ERROR;
				GCC_WARN_UNDECLARED_SELECTOR = YES;
				GCC_WARN_UNINITIALIZED_AUTOS = YES_AGGRESSIVE;
				GCC_WARN_UNUSED_FUNCTION = YES;
				GCC_WARN_UNUSED_VARIABLE = YES;
				IPHONEOS_DEPLOYMENT_TARGET = 9.3;
				MTL_ENABLE_DEBUG_INFO = YES;
				ONLY_ACTIVE_ARCH = YES;
				SDKROOT = iphoneos;
				SWIFT_OPTIMIZATION_LEVEL = "-Onone";
			};
			name = Debug;
		};
		66B9CA151D4FB82900BCB39E /* Release */ = {
			isa = XCBuildConfiguration;
			buildSettings = {
				ALWAYS_SEARCH_USER_PATHS = NO;
				CLANG_ANALYZER_NONNULL = YES;
				CLANG_CXX_LANGUAGE_STANDARD = "gnu++0x";
				CLANG_CXX_LIBRARY = "libc++";
				CLANG_ENABLE_MODULES = YES;
				CLANG_ENABLE_OBJC_ARC = YES;
				CLANG_WARN_BOOL_CONVERSION = YES;
				CLANG_WARN_CONSTANT_CONVERSION = YES;
				CLANG_WARN_DIRECT_OBJC_ISA_USAGE = YES_ERROR;
				CLANG_WARN_EMPTY_BODY = YES;
				CLANG_WARN_ENUM_CONVERSION = YES;
				CLANG_WARN_INT_CONVERSION = YES;
				CLANG_WARN_OBJC_ROOT_CLASS = YES_ERROR;
				CLANG_WARN_UNREACHABLE_CODE = YES;
				CLANG_WARN__DUPLICATE_METHOD_MATCH = YES;
				"CODE_SIGN_IDENTITY[sdk=iphoneos*]" = "iPhone Developer";
				COPY_PHASE_STRIP = NO;
				DEBUG_INFORMATION_FORMAT = "dwarf-with-dsym";
				ENABLE_NS_ASSERTIONS = NO;
				ENABLE_STRICT_OBJC_MSGSEND = YES;
				GCC_C_LANGUAGE_STANDARD = gnu99;
				GCC_NO_COMMON_BLOCKS = YES;
				GCC_WARN_64_TO_32_BIT_CONVERSION = YES;
				GCC_WARN_ABOUT_RETURN_TYPE = YES_ERROR;
				GCC_WARN_UNDECLARED_SELECTOR = YES;
				GCC_WARN_UNINITIALIZED_AUTOS = YES_AGGRESSIVE;
				GCC_WARN_UNUSED_FUNCTION = YES;
				GCC_WARN_UNUSED_VARIABLE = YES;
				IPHONEOS_DEPLOYMENT_TARGET = 9.3;
				MTL_ENABLE_DEBUG_INFO = NO;
				SDKROOT = iphoneos;
				VALIDATE_PRODUCT = YES;
			};
			name = Release;
		};
		66B9CA171D4FB82900BCB39E /* Debug */ = {
			isa = XCBuildConfiguration;
			buildSettings = {
				ASSETCATALOG_COMPILER_APPICON_NAME = AppIcon;
				INFOPLIST_FILE = pruebaGit/Info.plist;
				LD_RUNPATH_SEARCH_PATHS = "$(inherited) @executable_path/Frameworks";
				PRODUCT_BUNDLE_IDENTIFIER = com.manualesfaciles.pruebaGit;
				PRODUCT_NAME = "$(TARGET_NAME)";
			};
			name = Debug;
		};
		66B9CA181D4FB82900BCB39E /* Release */ = {
			isa = XCBuildConfiguration;
			buildSettings = {
				ASSETCATALOG_COMPILER_APPICON_NAME = AppIcon;
				INFOPLIST_FILE = pruebaGit/Info.plist;
				LD_RUNPATH_SEARCH_PATHS = "$(inherited) @executable_path/Frameworks";
				PRODUCT_BUNDLE_IDENTIFIER = com.manualesfaciles.pruebaGit;
				PRODUCT_NAME = "$(TARGET_NAME)";
			};
			name = Release;
		};
		66B9CA1A1D4FB82900BCB39E /* Debug */ = {
			isa = XCBuildConfiguration;
			buildSettings = {
				BUNDLE_LOADER = "$(TEST_HOST)";
				INFOPLIST_FILE = pruebaGitTests/Info.plist;
				LD_RUNPATH_SEARCH_PATHS = "$(inherited) @executable_path/Frameworks @loader_path/Frameworks";
				PRODUCT_BUNDLE_IDENTIFIER = com.manualesfaciles.pruebaGitTests;
				PRODUCT_NAME = "$(TARGET_NAME)";
				TEST_HOST = "$(BUILT_PRODUCTS_DIR)/pruebaGit.app/pruebaGit";
			};
			name = Debug;
		};
		66B9CA1B1D4FB82900BCB39E /* Release */ = {
			isa = XCBuildConfiguration;
			buildSettings = {
				BUNDLE_LOADER = "$(TEST_HOST)";
				INFOPLIST_FILE = pruebaGitTests/Info.plist;
				LD_RUNPATH_SEARCH_PATHS = "$(inherited) @executable_path/Frameworks @loader_path/Frameworks";
				PRODUCT_BUNDLE_IDENTIFIER = com.manualesfaciles.pruebaGitTests;
				PRODUCT_NAME = "$(TARGET_NAME)";
				TEST_HOST = "$(BUILT_PRODUCTS_DIR)/pruebaGit.app/pruebaGit";
			};
			name = Release;
		};
		66B9CA1D1D4FB82900BCB39E /* Debug */ = {
			isa = XCBuildConfiguration;
			buildSettings = {
				INFOPLIST_FILE = pruebaGitUITests/Info.plist;
				LD_RUNPATH_SEARCH_PATHS = "$(inherited) @executable_path/Frameworks @loader_path/Frameworks";
				PRODUCT_BUNDLE_IDENTIFIER = com.manualesfaciles.pruebaGitUITests;
				PRODUCT_NAME = "$(TARGET_NAME)";
				TEST_TARGET_NAME = pruebaGit;
			};
			name = Debug;
		};
		66B9CA1E1D4FB82900BCB39E /* Release */ = {
			isa = XCBuildConfiguration;
			buildSettings = {
				INFOPLIST_FILE = pruebaGitUITests/Info.plist;
				LD_RUNPATH_SEARCH_PATHS = "$(inherited) @executable_path/Frameworks @loader_path/Frameworks";
				PRODUCT_BUNDLE_IDENTIFIER = com.manualesfaciles.pruebaGitUITests;
				PRODUCT_NAME = "$(TARGET_NAME)";
				TEST_TARGET_NAME = pruebaGit;
			};
			name = Release;
		};
/* End XCBuildConfiguration section */

/* Begin XCConfigurationList section */
		66B9C9E91D4FB82900BCB39E /* Build configuration list for PBXProject "pruebaGit" */ = {
			isa = XCConfigurationList;
			buildConfigurations = (
				66B9CA141D4FB82900BCB39E /* Debug */,
				66B9CA151D4FB82900BCB39E /* Release */,
			);
			defaultConfigurationIsVisible = 0;
			defaultConfigurationName = Release;
		};
		66B9CA161D4FB82900BCB39E /* Build configuration list for PBXNativeTarget "pruebaGit" */ = {
			isa = XCConfigurationList;
			buildConfigurations = (
				66B9CA171D4FB82900BCB39E /* Debug */,
				66B9CA181D4FB82900BCB39E /* Release */,
			);
			defaultConfigurationIsVisible = 0;
		};
		66B9CA191D4FB82900BCB39E /* Build configuration list for PBXNativeTarget "pruebaGitTests" */ = {
			isa = XCConfigurationList;
			buildConfigurations = (
				66B9CA1A1D4FB82900BCB39E /* Debug */,
				66B9CA1B1D4FB82900BCB39E /* Release */,
			);
			defaultConfigurationIsVisible = 0;
		};
		66B9CA1C1D4FB82900BCB39E /* Build configuration list for PBXNativeTarget "pruebaGitUITests" */ = {
			isa = XCConfigurationList;
			buildConfigurations = (
				66B9CA1D1D4FB82900BCB39E /* Debug */,
				66B9CA1E1D4FB82900BCB39E /* Release */,
			);
			defaultConfigurationIsVisible = 0;
		};
/* End XCConfigurationList section */
	};
	rootObject = 66B9C9E61D4FB82900BCB39E /* Project object */;
}
